
Microsoft Visual Studio Solution File, Format Version 12.00
# Visual Studio Version 17
VisualStudioVersion = 17.6.33801.468
MinimumVisualStudioVersion = 10.0.40219.1
Project("{2150E333-8FDC-42A3-9474-1A3956D46DE8}") = "1. Client", "1. Client", "{DFEDFB4B-E33E-41AB-A632-7A8B33039FEC}"
EndProject
Project("{2150E333-8FDC-42A3-9474-1A3956D46DE8}") = "2. Services", "2. Services", "{8FA646E8-C5BA-4572-8665-51691B3AA274}"
EndProject
Project("{2150E333-8FDC-42A3-9474-1A3956D46DE8}") = "1. Identiy", "1. Identiy", "{6D6BD629-EA41-444A-A262-B927D83A81BF}"
EndProject
Project("{2150E333-8FDC-42A3-9474-1A3956D46DE8}") = "2. Product", "2. Product", "{9BEA5C8D-88FF-40C5-A8DE-F44EA5134FA5}"
EndProject
Project("{2150E333-8FDC-42A3-9474-1A3956D46DE8}") = "1. Api", "1. Api", "{CA247358-94E4-4745-B9A8-B7D3A057714F}"
EndProject
Project("{2150E333-8FDC-42A3-9474-1A3956D46DE8}") = "2. Services", "2. Services", "{1DECC146-2B53-4B76-9D76-E518317A0D8E}"
EndProject
Project("{2150E333-8FDC-42A3-9474-1A3956D46DE8}") = "4. Test", "4. Test", "{489F645E-A636-4AC2-ABEC-08BF3FD77FF1}"
EndProject
Project("{9A19103F-16F7-4668-BE54-9A1E7A4F7556}") = "Identity.api", "2. Services\1. Identity\1. Api\Identity.api.csproj", "{45A853FD-7D74-402B-B244-53433029DBAA}"
EndProject
Project("{9A19103F-16F7-4668-BE54-9A1E7A4F7556}") = "OKR.Common.Domain", "2. Services\1. Identity\4. Domain\Domain\OKR.Common.Domain.csproj", "{C05AF1F3-B7A6-4DB5-BCCF-4C2FC8556542}"
EndProject
Project("{9A19103F-16F7-4668-BE54-9A1E7A4F7556}") = "OKR.Common.Persistence.Database", "Data\OKR.Common.Persistence.Database.csproj", "{AEAB81F6-D906-4C8E-8037-7E976B93F627}"
EndProject
Project("{2150E333-8FDC-42A3-9474-1A3956D46DE8}") = "Common", "Common", "{A36DD189-C5E5-43F6-9C40-B55AAF472D5C}"
EndProject
Project("{2150E333-8FDC-42A3-9474-1A3956D46DE8}") = "1. Persistence", "1. Persistence", "{DF430F1E-112F-4474-8914-5367EFD71100}"
EndProject
Project("{2150E333-8FDC-42A3-9474-1A3956D46DE8}") = "2. Entity", "2. Entity", "{0C4900CD-089C-4550-AA75-148713DD1DAB}"
EndProject
Project("{9A19103F-16F7-4668-BE54-9A1E7A4F7556}") = "Identity.Services", "Identity.Services\Identity.Services.csproj", "{C1AD13F3-1362-416B-BDE9-ACB227FA295B}"
EndProject
Project("{9A19103F-16F7-4668-BE54-9A1E7A4F7556}") = "OKR.Common.Repositories", "OKR.Common.Repositories\OKR.Common.Repositories.csproj", "{9F0C4E28-B3F9-44F2-86AF-578BE4E0AA0A}"
EndProject
Project("{FAE04EC0-301F-11D3-BF4B-00C04F79EFBC}") = "Identitty.Services.EventHandlers", "Identitty.Services.EventHandlers\Identitty.Services.EventHandlers.csproj", "{82C9D139-52D7-427A-BA90-FE58AAF68185}"
EndProject
Project("{2150E333-8FDC-42A3-9474-1A3956D46DE8}") = "3. Results", "3. Results", "{10B80378-B4D3-4DD9-8219-C22A2308ED67}"
EndProject
Project("{FAE04EC0-301F-11D3-BF4B-00C04F79EFBC}") = "OKR.Common.Results", "OKR.Common.Results\OKR.Common.Results.csproj", "{DF51B7F7-7978-446F-8FC4-3B11CC1E1375}"
EndProject
Global
	GlobalSection(SolutionConfigurationPlatforms) = preSolution
		Debug|Any CPU = Debug|Any CPU
		Release|Any CPU = Release|Any CPU
	EndGlobalSection
	GlobalSection(ProjectConfigurationPlatforms) = postSolution
		{45A853FD-7D74-402B-B244-53433029DBAA}.Debug|Any CPU.ActiveCfg = Debug|Any CPU
		{45A853FD-7D74-402B-B244-53433029DBAA}.Debug|Any CPU.Build.0 = Debug|Any CPU
		{45A853FD-7D74-402B-B244-53433029DBAA}.Release|Any CPU.ActiveCfg = Release|Any CPU
		{45A853FD-7D74-402B-B244-53433029DBAA}.Release|Any CPU.Build.0 = Release|Any CPU
		{C05AF1F3-B7A6-4DB5-BCCF-4C2FC8556542}.Debug|Any CPU.ActiveCfg = Debug|Any CPU
		{C05AF1F3-B7A6-4DB5-BCCF-4C2FC8556542}.Debug|Any CPU.Build.0 = Debug|Any CPU
		{C05AF1F3-B7A6-4DB5-BCCF-4C2FC8556542}.Release|Any CPU.ActiveCfg = Release|Any CPU
		{C05AF1F3-B7A6-4DB5-BCCF-4C2FC8556542}.Release|Any CPU.Build.0 = Release|Any CPU
		{AEAB81F6-D906-4C8E-8037-7E976B93F627}.Debug|Any CPU.ActiveCfg = Debug|Any CPU
		{AEAB81F6-D906-4C8E-8037-7E976B93F627}.Debug|Any CPU.Build.0 = Debug|Any CPU
		{AEAB81F6-D906-4C8E-8037-7E976B93F627}.Release|Any CPU.ActiveCfg = Release|Any CPU
		{AEAB81F6-D906-4C8E-8037-7E976B93F627}.Release|Any CPU.Build.0 = Release|Any CPU
		{C1AD13F3-1362-416B-BDE9-ACB227FA295B}.Debug|Any CPU.ActiveCfg = Debug|Any CPU
		{C1AD13F3-1362-416B-BDE9-ACB227FA295B}.Debug|Any CPU.Build.0 = Debug|Any CPU
		{C1AD13F3-1362-416B-BDE9-ACB227FA295B}.Release|Any CPU.ActiveCfg = Release|Any CPU
		{C1AD13F3-1362-416B-BDE9-ACB227FA295B}.Release|Any CPU.Build.0 = Release|Any CPU
		{9F0C4E28-B3F9-44F2-86AF-578BE4E0AA0A}.Debug|Any CPU.ActiveCfg = Debug|Any CPU
		{9F0C4E28-B3F9-44F2-86AF-578BE4E0AA0A}.Debug|Any CPU.Build.0 = Debug|Any CPU
		{9F0C4E28-B3F9-44F2-86AF-578BE4E0AA0A}.Release|Any CPU.ActiveCfg = Release|Any CPU
		{9F0C4E28-B3F9-44F2-86AF-578BE4E0AA0A}.Release|Any CPU.Build.0 = Release|Any CPU
		{82C9D139-52D7-427A-BA90-FE58AAF68185}.Debug|Any CPU.ActiveCfg = Debug|Any CPU
		{82C9D139-52D7-427A-BA90-FE58AAF68185}.Debug|Any CPU.Build.0 = Debug|Any CPU
		{82C9D139-52D7-427A-BA90-FE58AAF68185}.Release|Any CPU.ActiveCfg = Release|Any CPU
		{82C9D139-52D7-427A-BA90-FE58AAF68185}.Release|Any CPU.Build.0 = Release|Any CPU
		{DF51B7F7-7978-446F-8FC4-3B11CC1E1375}.Debug|Any CPU.ActiveCfg = Debug|Any CPU
		{DF51B7F7-7978-446F-8FC4-3B11CC1E1375}.Debug|Any CPU.Build.0 = Debug|Any CPU
		{DF51B7F7-7978-446F-8FC4-3B11CC1E1375}.Release|Any CPU.ActiveCfg = Release|Any CPU
		{DF51B7F7-7978-446F-8FC4-3B11CC1E1375}.Release|Any CPU.Build.0 = Release|Any CPU
	EndGlobalSection
	GlobalSection(SolutionProperties) = preSolution
		HideSolutionNode = FALSE
	EndGlobalSection
	GlobalSection(NestedProjects) = preSolution
		{6D6BD629-EA41-444A-A262-B927D83A81BF} = {8FA646E8-C5BA-4572-8665-51691B3AA274}
		{9BEA5C8D-88FF-40C5-A8DE-F44EA5134FA5} = {8FA646E8-C5BA-4572-8665-51691B3AA274}
		{CA247358-94E4-4745-B9A8-B7D3A057714F} = {6D6BD629-EA41-444A-A262-B927D83A81BF}
		{1DECC146-2B53-4B76-9D76-E518317A0D8E} = {6D6BD629-EA41-444A-A262-B927D83A81BF}
		{489F645E-A636-4AC2-ABEC-08BF3FD77FF1} = {6D6BD629-EA41-444A-A262-B927D83A81BF}
		{45A853FD-7D74-402B-B244-53433029DBAA} = {CA247358-94E4-4745-B9A8-B7D3A057714F}
		{C05AF1F3-B7A6-4DB5-BCCF-4C2FC8556542} = {0C4900CD-089C-4550-AA75-148713DD1DAB}
		{AEAB81F6-D906-4C8E-8037-7E976B93F627} = {DF430F1E-112F-4474-8914-5367EFD71100}
		{DF430F1E-112F-4474-8914-5367EFD71100} = {A36DD189-C5E5-43F6-9C40-B55AAF472D5C}
		{0C4900CD-089C-4550-AA75-148713DD1DAB} = {A36DD189-C5E5-43F6-9C40-B55AAF472D5C}
		{C1AD13F3-1362-416B-BDE9-ACB227FA295B} = {1DECC146-2B53-4B76-9D76-E518317A0D8E}
		{9F0C4E28-B3F9-44F2-86AF-578BE4E0AA0A} = {DF430F1E-112F-4474-8914-5367EFD71100}
		{82C9D139-52D7-427A-BA90-FE58AAF68185} = {1DECC146-2B53-4B76-9D76-E518317A0D8E}
		{10B80378-B4D3-4DD9-8219-C22A2308ED67} = {A36DD189-C5E5-43F6-9C40-B55AAF472D5C}
		{DF51B7F7-7978-446F-8FC4-3B11CC1E1375} = {10B80378-B4D3-4DD9-8219-C22A2308ED67}
	EndGlobalSection
	GlobalSection(ExtensibilityGlobals) = postSolution
		SolutionGuid = {134D21C2-7228-41BF-AC15-E38D8F4FDABB}
	EndGlobalSection
EndGlobal
